{
  "requires": true,
  "lockfileVersion": 1,
  "dependencies": {
    "fs": {
      "version": "0.0.1-security",
      "resolved": "https://registry.npmjs.org/fs/-/fs-0.0.1-security.tgz",
      "integrity": "sha1-invTcYa23d84E/I4WLV+yq9eQdQ="
    },
    "object-assign": {
      "version": "4.1.1",
      "resolved": "https://registry.npmjs.org/object-assign/-/object-assign-4.1.1.tgz",
      "integrity": "sha1-IQmtx5ZYh8/AXLvUQsrIv7s2CGM="
    },
    "random-normal": {
      "version": "1.0.0",
      "resolved": "https://registry.npmjs.org/random-normal/-/random-normal-1.0.0.tgz",
      "integrity": "sha1-2qC1+kyusVloF4M48qxS5jpuRok=",
      "requires": {
        "object-assign": "^4.0.1"
      }
    }
  }
}
